# This file is autogenerated, do not edit; changes may be undone by the next 'dep ensure'.


[[projects]]
  digest = "1:3dd9912f6fdb0feaf39dde946262ba20a3c744cf157b2a3a7d8fb84a974d0345"
  name = "cloud.google.com/go"
  packages = ["compute/metadata"]
  pruneopts = "UT"
  revision = "b4cdc8d6eb508c4e74df26094d1adb678c87f818"
  version = "v0.51.0"

[[projects]]
  branch = "master"
  digest = "1:b7cb6054d3dff43b38ad2e92492f220f57ae6087ee797dca298139776749ace8"
  name = "github.com/golang/groupcache"
  packages = ["lru"]
  pruneopts = "UT"
  revision = "215e87163ea771ffa998a96c611387313bb5a403"

[[projects]]
  digest = "1:f5ce1529abc1204444ec73779f44f94e2fa8fcdb7aca3c355b0c95947e4005c6"
  name = "github.com/golang/protobuf"
  packages = [
    "proto",
    "ptypes",
    "ptypes/any",
    "ptypes/duration",
    "ptypes/timestamp",
  ]
  pruneopts = "UT"
  revision = "6c65a5562fc06764971b7c5d05c76c75e84bdbf7"
  version = "v1.3.2"

[[projects]]
  digest = "1:766102087520f9d54f2acc72bd6637045900ac735b4a419b128d216f0c5c4876"
  name = "github.com/googleapis/gax-go"
  packages = ["v2"]
  pruneopts = "UT"
  revision = "bd5b16380fd03dc758d11cef74ba2e3bc8b0e8c2"
  version = "v2.0.5"

[[projects]]
  digest = "1:7b6ca9454e8d16e34b251f181a4ae430a25805acca64ea46b0448583b44fcfe6"
  name = "go.opencensus.io"
  packages = [
    ".",
    "internal",
    "internal/tagencoding",
    "metric/metricdata",
    "metric/metricproducer",
    "plugin/ochttp",
    "plugin/ochttp/propagation/b3",
    "resource",
    "stats",
    "stats/internal",
    "stats/view",
    "tag",
    "trace",
    "trace/internal",
    "trace/propagation",
    "trace/tracestate",
  ]
  pruneopts = "UT"
  revision = "aad2c527c5defcf89b5afab7f37274304195a6b2"
  version = "v0.22.2"

[[projects]]
  branch = "master"
  digest = "1:676f320d34ccfa88bfa6d04bdf388ed7062af175355c805ef57ccda1a3f13432"
  name = "golang.org/x/net"
  packages = [
    "context",
    "context/ctxhttp",
    "http/httpguts",
    "http2",
    "http2/hpack",
    "idna",
    "internal/timeseries",
    "trace",
  ]
  pruneopts = "UT"
  revision = "c0dbc17a35534bf2e581d7a942408dc936316da4"

[[projects]]
  branch = "master"
  digest = "1:e9dec12f847de7d8cd7c1d3d0d89aa40a345a768fd20e10d378a260da9ad65aa"
  name = "golang.org/x/oauth2"
  packages = [
    ".",
    "google",
    "internal",
    "jws",
    "jwt",
  ]
  pruneopts = "UT"
  revision = "858c2ad4c8b6c5d10852cb89079f6ca1c7309787"

[[projects]]
  branch = "master"
  digest = "1:c1b1f11d25f274813ed6642e8eb55237183a3456d4a809cfcb0395d0fc50a46c"
  name = "golang.org/x/sys"
  packages = ["unix"]
  pruneopts = "UT"
  revision = "b016eb3dc98ea7f69ed55e8216b87187067ae621"

[[projects]]
  digest = "1:8d8faad6b12a3a4c819a3f9618cb6ee1fa1cfc33253abeeea8b55336721e3405"
  name = "golang.org/x/text"
  packages = [
    "collate",
    "collate/build",
    "internal/colltab",
    "internal/gen",
    "internal/language",
    "internal/language/compact",
    "internal/tag",
    "internal/triegen",
    "internal/ucd",
    "language",
    "secure/bidirule",
    "transform",
    "unicode/bidi",
    "unicode/cldr",
    "unicode/norm",
    "unicode/rangetable",
  ]
  pruneopts = "UT"
  revision = "342b2e1fbaa52c93f31447ad2c6abc048c63e475"
  version = "v0.3.2"

[[projects]]
  branch = "master"
  digest = "1:41a58948a1c7be1dd53c65be2147e33fb401e73cd531ca90f5147e378a189699"
  name = "google.golang.org/api"
  packages = [
    "compute/v0.alpha",
    "compute/v0.beta",
    "compute/v1",
    "googleapi",
    "googleapi/transport",
    "internal",
    "internal/gensupport",
    "internal/third_party/uritemplates",
    "option",
    "transport/http",
    "transport/http/internal/propagation",
  ]
  pruneopts = "UT"
  revision = "b8fc810ca6b55409cf098c3cde6de6e97a6f52b2"

[[projects]]
  digest = "1:3c03b58f57452764a4499c55c582346c0ee78c8a5033affe5bdfd9efd3da5bd1"
  name = "google.golang.org/appengine"
  packages = [
    ".",
    "internal",
    "internal/app_identity",
    "internal/base",
    "internal/datastore",
    "internal/log",
    "internal/modules",
    "internal/remote_api",
    "internal/urlfetch",
    "urlfetch",
  ]
  pruneopts = "UT"
  revision = "971852bfffca25b069c31162ae8f247a3dba083b"
  version = "v1.6.5"

[[projects]]
  branch = "master"
  digest = "1:583a0c80f5e3a9343d33aea4aead1e1afcc0043db66fdf961ddd1fe8cd3a4faf"
  name = "google.golang.org/genproto"
  packages = ["googleapis/rpc/status"]
  pruneopts = "UT"
  revision = "f3c370f40bfba3cb25c5c2f823a1a8031b5ad724"

[[projects]]
  digest = "1:3fe55026bb11519b45c0fc9d848fd779028b868dc62f5563c518cf850c7421d5"
  name = "google.golang.org/grpc"
  packages = [
    ".",
    "attributes",
    "backoff",
    "balancer",
    "balancer/base",
    "balancer/roundrobin",
    "binarylog/grpc_binarylog_v1",
    "codes",
    "connectivity",
    "credentials",
    "credentials/internal",
    "encoding",
    "encoding/proto",
    "grpclog",
    "internal",
    "internal/backoff",
    "internal/balancerload",
    "internal/binarylog",
    "internal/buffer",
    "internal/channelz",
    "internal/envconfig",
    "internal/grpcrand",
    "internal/grpcsync",
    "internal/resolver/dns",
    "internal/resolver/passthrough",
    "internal/syscall",
    "internal/transport",
    "keepalive",
    "metadata",
    "naming",
    "peer",
    "resolver",
    "serviceconfig",
    "stats",
    "status",
    "tap",
  ]
  pruneopts = "UT"
  revision = "f5b0812e6fe574d90da76b205e9eb51f6ddb1919"
  version = "v1.26.0"

[[projects]]
  digest = "1:93e82f25d75aba18436ad1ac042cb49493f096011f2541075721ed6f9e05c044"
  name = "k8s.io/klog"
  packages = ["."]
  pruneopts = "UT"
  revision = "2ca9ad30301bf30a8a6e0fa2110db6b8df699a91"
  version = "v1.0.0"

[solve-meta]
  analyzer-name = "dep"
  analyzer-version = 1
  input-imports = [
    "golang.org/x/oauth2/google",
    "google.golang.org/api/compute/v0.alpha",
    "google.golang.org/api/compute/v0.beta",
    "google.golang.org/api/compute/v1",
    "google.golang.org/api/googleapi",
    "k8s.io/klog",
  ]
  solver-name = "gps-cdcl"
  solver-version = 1
